
Microsoft Visual Studio Solution File, Format Version 12.00
# Visual Studio Version 17
VisualStudioVersion = 17.6.33829.357
MinimumVisualStudioVersion = 10.0.40219.1
Project("{9A19103F-16F7-4668-BE54-9A1E7A4F7556}") = "MacroMask", "MacroMask\MacroMask.csproj", "{60CBA76E-D2C3-4836-8734-7152D432F33B}"
EndProject
Global
	GlobalSection(SolutionConfigurationPlatforms) = preSolution
		Debug|Any CPU = Debug|Any CPU
		Release|Any CPU = Release|Any CPU
	EndGlobalSection
	GlobalSection(ProjectConfigurationPlatforms) = postSolution
		{60CBA76E-D2C3-4836-8734-7152D432F33B}.Debug|Any CPU.ActiveCfg = Release|Any CPU
		{60CBA76E-D2C3-4836-8734-7152D432F33B}.Debug|Any CPU.Build.0 = Release|Any CPU
		{60CBA76E-D2C3-4836-8734-7152D432F33B}.Release|Any CPU.ActiveCfg = Release|Any CPU
		{60CBA76E-D2C3-4836-8734-7152D432F33B}.Release|Any CPU.Build.0 = Release|Any CPU
	EndGlobalSection
	GlobalSection(SolutionProperties) = preSolution
		HideSolutionNode = FALSE
	EndGlobalSection
	GlobalSection(ExtensibilityGlobals) = postSolution
		SolutionGuid = {700AC5D8-AE9D-4EDB-BC12-049DB6E7FC53}
	EndGlobalSection
EndGlobal
